
Microsoft Visual Studio Solution File, Format Version 11.00
# Visual Studio 2010
# SharpDevelop 5.1
Project("{FAE04EC0-301F-11D3-BF4B-00C04F79EFBC}") = "RemovedorPerfil", "RemovedorPerfil\RemovedorPerfil.csproj", "{F62BE0C9-FF56-4985-A4A3-A43BB5F88AAA}"
EndProject
Global
	GlobalSection(SolutionConfigurationPlatforms) = preSolution
		Debug|Any CPU = Debug|Any CPU
		Release|Any CPU = Release|Any CPU
	EndGlobalSection
	GlobalSection(ProjectConfigurationPlatforms) = postSolution
		{F62BE0C9-FF56-4985-A4A3-A43BB5F88AAA}.Debug|Any CPU.ActiveCfg = Debug|Any CPU
		{F62BE0C9-FF56-4985-A4A3-A43BB5F88AAA}.Debug|Any CPU.Build.0 = Debug|Any CPU
		{F62BE0C9-FF56-4985-A4A3-A43BB5F88AAA}.Release|Any CPU.ActiveCfg = Release|Any CPU
		{F62BE0C9-FF56-4985-A4A3-A43BB5F88AAA}.Release|Any CPU.Build.0 = Release|Any CPU
	EndGlobalSection
EndGlobal
